{
  "originHash" : "6ec3ea80547025744b0a5fe920954e59d590621a7b69eed9e92475d287fe2a67",
  "pins" : [
    {
      "identity" : "spm-nmapsgeometry",
      "kind" : "remoteSourceControl",
      "location" : "https://github.com/winkitee/SPM-NMapsGeometry.git",
      "state" : {
        "branch" : "winkitee-1.0.2",
        "revision" : "a7d0b84c89848e105ba2ba2ac6227773e7ee4451"
      }
    }
  ],
  "version" : 3
}
